
Microsoft Visual Studio Solution File, Format Version 12.00
# Visual Studio Version 16
VisualStudioVersion = 16.0.31205.134
MinimumVisualStudioVersion = 10.0.40219.1
Project("{9A19103F-16F7-4668-BE54-9A1E7A4F7556}") = "AuthServer.API", "AuthServer.API\AuthServer.API.csproj", "{7E427F92-B525-4979-A23D-B37207F3E197}"
EndProject
Project("{FAE04EC0-301F-11D3-BF4B-00C04F79EFBC}") = "AuthServer.Core", "AuthServer.Core\AuthServer.Core.csproj", "{62D58194-9790-48A0-B1C5-9D00148129FB}"
EndProject
Project("{FAE04EC0-301F-11D3-BF4B-00C04F79EFBC}") = "AuthServer.DataAccess", "AuthServer.DataAccess\AuthServer.DataAccess.csproj", "{9EE56A33-0BD1-43BC-8C8F-3B302AD5C573}"
EndProject
Project("{FAE04EC0-301F-11D3-BF4B-00C04F79EFBC}") = "AuthServer.Business", "AuthServer.Business\AuthServer.Business.csproj", "{6FEA5B03-DAC6-47B1-81A2-F265E95BAA2D}"
EndProject
Project("{FAE04EC0-301F-11D3-BF4B-00C04F79EFBC}") = "TestServive.One", "TestServive.One\TestServive.One.csproj", "{77B30C1D-677D-472C-9C08-32AD42C3D955}"
EndProject
Project("{FAE04EC0-301F-11D3-BF4B-00C04F79EFBC}") = "TestService.Two", "TestService.Two\TestService.Two.csproj", "{5420049D-3079-4FC5-BE2A-AFCF3D6EBFFF}"
EndProject
Project("{FAE04EC0-301F-11D3-BF4B-00C04F79EFBC}") = "TestService.Three", "TestService.Three\TestService.Three.csproj", "{5435022F-D2F9-450E-BD77-2AD4EB0F20B8}"
EndProject
Project("{FAE04EC0-301F-11D3-BF4B-00C04F79EFBC}") = "SharedLibrary", "SharedLibrary\SharedLibrary.csproj", "{2DA5AE87-1A28-41F8-8C6D-9C4EBC8B27DA}"
EndProject
Global
	GlobalSection(SolutionConfigurationPlatforms) = preSolution
		Debug|Any CPU = Debug|Any CPU
		Release|Any CPU = Release|Any CPU
	EndGlobalSection
	GlobalSection(ProjectConfigurationPlatforms) = postSolution
		{7E427F92-B525-4979-A23D-B37207F3E197}.Debug|Any CPU.ActiveCfg = Debug|Any CPU
		{7E427F92-B525-4979-A23D-B37207F3E197}.Debug|Any CPU.Build.0 = Debug|Any CPU
		{7E427F92-B525-4979-A23D-B37207F3E197}.Release|Any CPU.ActiveCfg = Release|Any CPU
		{7E427F92-B525-4979-A23D-B37207F3E197}.Release|Any CPU.Build.0 = Release|Any CPU
		{62D58194-9790-48A0-B1C5-9D00148129FB}.Debug|Any CPU.ActiveCfg = Debug|Any CPU
		{62D58194-9790-48A0-B1C5-9D00148129FB}.Debug|Any CPU.Build.0 = Debug|Any CPU
		{62D58194-9790-48A0-B1C5-9D00148129FB}.Release|Any CPU.ActiveCfg = Release|Any CPU
		{62D58194-9790-48A0-B1C5-9D00148129FB}.Release|Any CPU.Build.0 = Release|Any CPU
		{9EE56A33-0BD1-43BC-8C8F-3B302AD5C573}.Debug|Any CPU.ActiveCfg = Debug|Any CPU
		{9EE56A33-0BD1-43BC-8C8F-3B302AD5C573}.Debug|Any CPU.Build.0 = Debug|Any CPU
		{9EE56A33-0BD1-43BC-8C8F-3B302AD5C573}.Release|Any CPU.ActiveCfg = Release|Any CPU
		{9EE56A33-0BD1-43BC-8C8F-3B302AD5C573}.Release|Any CPU.Build.0 = Release|Any CPU
		{6FEA5B03-DAC6-47B1-81A2-F265E95BAA2D}.Debug|Any CPU.ActiveCfg = Debug|Any CPU
		{6FEA5B03-DAC6-47B1-81A2-F265E95BAA2D}.Debug|Any CPU.Build.0 = Debug|Any CPU
		{6FEA5B03-DAC6-47B1-81A2-F265E95BAA2D}.Release|Any CPU.ActiveCfg = Release|Any CPU
		{6FEA5B03-DAC6-47B1-81A2-F265E95BAA2D}.Release|Any CPU.Build.0 = Release|Any CPU
		{77B30C1D-677D-472C-9C08-32AD42C3D955}.Debug|Any CPU.ActiveCfg = Debug|Any CPU
		{77B30C1D-677D-472C-9C08-32AD42C3D955}.Debug|Any CPU.Build.0 = Debug|Any CPU
		{77B30C1D-677D-472C-9C08-32AD42C3D955}.Release|Any CPU.ActiveCfg = Release|Any CPU
		{77B30C1D-677D-472C-9C08-32AD42C3D955}.Release|Any CPU.Build.0 = Release|Any CPU
		{5420049D-3079-4FC5-BE2A-AFCF3D6EBFFF}.Debug|Any CPU.ActiveCfg = Debug|Any CPU
		{5420049D-3079-4FC5-BE2A-AFCF3D6EBFFF}.Debug|Any CPU.Build.0 = Debug|Any CPU
		{5420049D-3079-4FC5-BE2A-AFCF3D6EBFFF}.Release|Any CPU.ActiveCfg = Release|Any CPU
		{5420049D-3079-4FC5-BE2A-AFCF3D6EBFFF}.Release|Any CPU.Build.0 = Release|Any CPU
		{5435022F-D2F9-450E-BD77-2AD4EB0F20B8}.Debug|Any CPU.ActiveCfg = Debug|Any CPU
		{5435022F-D2F9-450E-BD77-2AD4EB0F20B8}.Debug|Any CPU.Build.0 = Debug|Any CPU
		{5435022F-D2F9-450E-BD77-2AD4EB0F20B8}.Release|Any CPU.ActiveCfg = Release|Any CPU
		{5435022F-D2F9-450E-BD77-2AD4EB0F20B8}.Release|Any CPU.Build.0 = Release|Any CPU
		{2DA5AE87-1A28-41F8-8C6D-9C4EBC8B27DA}.Debug|Any CPU.ActiveCfg = Debug|Any CPU
		{2DA5AE87-1A28-41F8-8C6D-9C4EBC8B27DA}.Debug|Any CPU.Build.0 = Debug|Any CPU
		{2DA5AE87-1A28-41F8-8C6D-9C4EBC8B27DA}.Release|Any CPU.ActiveCfg = Release|Any CPU
		{2DA5AE87-1A28-41F8-8C6D-9C4EBC8B27DA}.Release|Any CPU.Build.0 = Release|Any CPU
	EndGlobalSection
	GlobalSection(SolutionProperties) = preSolution
		HideSolutionNode = FALSE
	EndGlobalSection
	GlobalSection(ExtensibilityGlobals) = postSolution
		SolutionGuid = {E4247389-36EF-4E24-8E63-2FD30E650C04}
	EndGlobalSection
EndGlobal
